PODS:
  - barcode_kit (0.0.1):
    - Flutter
  - Flutter (1.0.0)
  - native_device_orientation (0.0.1):
    - Flutter
  - permission_handler_apple (9.3.0):
    - Flutter

DEPENDENCIES:
  - barcode_kit (from `.symlinks/plugins/barcode_kit/ios`)
  - Flutter (from `Flutter`)
  - native_device_orientation (from `.symlinks/plugins/native_device_orientation/ios`)
  - permission_handler_apple (from `.symlinks/plugins/permission_handler_apple/ios`)

EXTERNAL SOURCES:
  barcode_kit:
    :path: ".symlinks/plugins/barcode_kit/ios"
  Flutter:
    :path: Flutter
  native_device_orientation:
    :path: ".symlinks/plugins/native_device_orientation/ios"
  permission_handler_apple:
    :path: ".symlinks/plugins/permission_handler_apple/ios"

SPEC CHECKSUMS:
  barcode_kit: fa9db39e48737deac1e76dbca206f41e60656d4a
  Flutter: e0871f40cf51350855a761d2e70bf5af5b9b5de7
  native_device_orientation: 348b10c346a60ebbc62fb235a4fdb5d1b61a8f55
  permission_handler_apple: 9878588469a2b0d0fc1e048d9f43605f92e6cec2

PODFILE CHECKSUM: af58d951dbef8da019280072eabcbd9dcc50cf6f

COCOAPODS: 1.15.2
